
Microsoft Visual Studio Solution File, Format Version 12.00
# Visual Studio Version 17
VisualStudioVersion = 17.7.34024.191
MinimumVisualStudioVersion = 10.0.40219.1
Project("{FAE04EC0-301F-11D3-BF4B-00C04F79EFBC}") = "FelipeAzevedo.TesteXP", "FelipeAzevedo.TesteXP\FelipeAzevedo.TesteXP.csproj", "{8DCA7882-4ECD-41B9-A429-7AFE49811F66}"
EndProject
Global
	GlobalSection(SolutionConfigurationPlatforms) = preSolution
		Debug|Any CPU = Debug|Any CPU
		Release|Any CPU = Release|Any CPU
	EndGlobalSection
	GlobalSection(ProjectConfigurationPlatforms) = postSolution
		{8DCA7882-4ECD-41B9-A429-7AFE49811F66}.Debug|Any CPU.ActiveCfg = Debug|Any CPU
		{8DCA7882-4ECD-41B9-A429-7AFE49811F66}.Debug|Any CPU.Build.0 = Debug|Any CPU
		{8DCA7882-4ECD-41B9-A429-7AFE49811F66}.Release|Any CPU.ActiveCfg = Release|Any CPU
		{8DCA7882-4ECD-41B9-A429-7AFE49811F66}.Release|Any CPU.Build.0 = Release|Any CPU
	EndGlobalSection
	GlobalSection(SolutionProperties) = preSolution
		HideSolutionNode = FALSE
	EndGlobalSection
	GlobalSection(ExtensibilityGlobals) = postSolution
		SolutionGuid = {6E6968BE-10D6-4F86-9AFC-909553A02B7B}
	EndGlobalSection
EndGlobal
