
Microsoft Visual Studio Solution File, Format Version 12.00
# Visual Studio Version 17
VisualStudioVersion = 17.5.002.0
MinimumVisualStudioVersion = 10.0.40219.1
Project("{9A19103F-16F7-4668-BE54-9A1E7A4F7556}") = "FelipeAzevedo.TesteXP", "FelipeAzevedo.TesteXP.csproj", "{D74F1D08-F5A1-45D3-AA7A-5EA7692A10DB}"
EndProject
Global
	GlobalSection(SolutionConfigurationPlatforms) = preSolution
		Debug|Any CPU = Debug|Any CPU
		Release|Any CPU = Release|Any CPU
	EndGlobalSection
	GlobalSection(ProjectConfigurationPlatforms) = postSolution
		{D74F1D08-F5A1-45D3-AA7A-5EA7692A10DB}.Debug|Any CPU.ActiveCfg = Debug|Any CPU
		{D74F1D08-F5A1-45D3-AA7A-5EA7692A10DB}.Debug|Any CPU.Build.0 = Debug|Any CPU
		{D74F1D08-F5A1-45D3-AA7A-5EA7692A10DB}.Release|Any CPU.ActiveCfg = Release|Any CPU
		{D74F1D08-F5A1-45D3-AA7A-5EA7692A10DB}.Release|Any CPU.Build.0 = Release|Any CPU
	EndGlobalSection
	GlobalSection(SolutionProperties) = preSolution
		HideSolutionNode = FALSE
	EndGlobalSection
	GlobalSection(ExtensibilityGlobals) = postSolution
		SolutionGuid = {46525DD5-3EC0-4072-B347-8084F7B4D8F6}
	EndGlobalSection
EndGlobal
